
Microsoft Visual Studio Solution File, Format Version 12.00
# Visual Studio 15
VisualStudioVersion = 15.0.27428.1
MinimumVisualStudioVersion = 10.0.40219.1
Project("{FAE04EC0-301F-11D3-BF4B-00C04F79EFBC}") = "webApplication", "webApplication\webApplication.csproj", "{03C3CBA5-9B6A-42AD-A369-8080A90AC192}"
EndProject
Global
	GlobalSection(SolutionConfigurationPlatforms) = preSolution
		Debug|Any CPU = Debug|Any CPU
		Release|Any CPU = Release|Any CPU
	EndGlobalSection
	GlobalSection(ProjectConfigurationPlatforms) = postSolution
		{03C3CBA5-9B6A-42AD-A369-8080A90AC192}.Debug|Any CPU.ActiveCfg = Debug|Any CPU
		{03C3CBA5-9B6A-42AD-A369-8080A90AC192}.Debug|Any CPU.Build.0 = Debug|Any CPU
		{03C3CBA5-9B6A-42AD-A369-8080A90AC192}.Release|Any CPU.ActiveCfg = Release|Any CPU
		{03C3CBA5-9B6A-42AD-A369-8080A90AC192}.Release|Any CPU.Build.0 = Release|Any CPU
	EndGlobalSection
	GlobalSection(SolutionProperties) = preSolution
		HideSolutionNode = FALSE
	EndGlobalSection
	GlobalSection(ExtensibilityGlobals) = postSolution
		SolutionGuid = {77E17286-5037-4046-BFE0-4EF41A85BF31}
	EndGlobalSection
EndGlobal
